
Microsoft Visual Studio Solution File, Format Version 12.00
# Visual Studio Version 17
VisualStudioVersion = 17.7.34031.279
MinimumVisualStudioVersion = 10.0.40219.1
Project("{FAE04EC0-301F-11D3-BF4B-00C04F79EFBC}") = "WinFormsApp1", "WinFormsApp1\WinFormsApp1.csproj", "{3C008790-55EF-4D75-88ED-2FF5767E1E9F}"
EndProject
Global
	GlobalSection(SolutionConfigurationPlatforms) = preSolution
		Debug|Any CPU = Debug|Any CPU
		Release|Any CPU = Release|Any CPU
	EndGlobalSection
	GlobalSection(ProjectConfigurationPlatforms) = postSolution
		{3C008790-55EF-4D75-88ED-2FF5767E1E9F}.Debug|Any CPU.ActiveCfg = Debug|Any CPU
		{3C008790-55EF-4D75-88ED-2FF5767E1E9F}.Debug|Any CPU.Build.0 = Debug|Any CPU
		{3C008790-55EF-4D75-88ED-2FF5767E1E9F}.Release|Any CPU.ActiveCfg = Release|Any CPU
		{3C008790-55EF-4D75-88ED-2FF5767E1E9F}.Release|Any CPU.Build.0 = Release|Any CPU
	EndGlobalSection
	GlobalSection(SolutionProperties) = preSolution
		HideSolutionNode = FALSE
	EndGlobalSection
	GlobalSection(ExtensibilityGlobals) = postSolution
		SolutionGuid = {8DC98476-35C9-4A6E-9C8B-0A8C0869823A}
	EndGlobalSection
EndGlobal
